<?xml version="1.0" encoding="utf-8"?>
<Project ToolsVersion="4.0" xmlns="http://schemas.microsoft.com/developer/msbuild/2003">
  <ItemGroup>
    <Filter Include="Lithe">
      <UniqueIdentifier>{7BD5990D-E7E9-C1BE-B06B-651E1C3FBEEF}</UniqueIdentifier>
    </Filter>
    <Filter Include="Lithe\Events">
      <UniqueIdentifier>{FF28AFBC-EB8B-3E61-9411-771780530AE4}</UniqueIdentifier>
    </Filter>
    <Filter Include="Lithe\ImGui">
      <UniqueIdentifier>{E53A29C0-51F0-A1B5-DAE4-9B8C469998B9}</UniqueIdentifier>
    </Filter>
    <Filter Include="Platform">
      <UniqueIdentifier>{2AC788B4-1694-E3BF-3FAD-D1672BD9184E}</UniqueIdentifier>
    </Filter>
    <Filter Include="Platform\Windows">
      <UniqueIdentifier>{64FBD71A-50F4-F66C-7926-DCF1657ED678}</UniqueIdentifier>
    </Filter>
  </ItemGroup>
  <ItemGroup>
    <ClInclude Include="src\Lithe.h" />
    <ClInclude Include="src\Lithe\Application.h">
      <Filter>Lithe</Filter>
    </ClInclude>
    <ClInclude Include="src\Lithe\Core.h">
      <Filter>Lithe</Filter>
    </ClInclude>
    <ClInclude Include="src\Lithe\EntryPoint.h">
      <Filter>Lithe</Filter>
    </ClInclude>
    <ClInclude Include="src\Lithe\Events\ApplicationEvent.h">
      <Filter>Lithe\Events</Filter>
    </ClInclude>
    <ClInclude Include="src\Lithe\Events\Event.h">
      <Filter>Lithe\Events</Filter>
    </ClInclude>
    <ClInclude Include="src\Lithe\Events\KeyEvent.h">
      <Filter>Lithe\Events</Filter>
    </ClInclude>
    <ClInclude Include="src\Lithe\Events\MouseEvent.h">
      <Filter>Lithe\Events</Filter>
    </ClInclude>
    <ClInclude Include="src\Lithe\ImGui\ImGuiLayer.h">
      <Filter>Lithe\ImGui</Filter>
    </ClInclude>
    <ClInclude Include="src\Lithe\Input.h">
      <Filter>Lithe</Filter>
    </ClInclude>
    <ClInclude Include="src\Lithe\KeyCodes.h">
      <Filter>Lithe</Filter>
    </ClInclude>
    <ClInclude Include="src\Lithe\Layer.h">
      <Filter>Lithe</Filter>
    </ClInclude>
    <ClInclude Include="src\Lithe\LayerStack.h">
      <Filter>Lithe</Filter>
    </ClInclude>
    <ClInclude Include="src\Lithe\Log.h">
      <Filter>Lithe</Filter>
    </ClInclude>
    <ClInclude Include="src\Lithe\MouseButtonCodes.h">
      <Filter>Lithe</Filter>
    </ClInclude>
    <ClInclude Include="src\Lithe\Window.h">
      <Filter>Lithe</Filter>
    </ClInclude>
    <ClInclude Include="src\Platform\Windows\WindowsInput.h">
      <Filter>Platform\Windows</Filter>
    </ClInclude>
    <ClInclude Include="src\Platform\Windows\WindowsWindow.h">
      <Filter>Platform\Windows</Filter>
    </ClInclude>
    <ClInclude Include="src\lipch.h" />
    <ClInclude Include="src\Lithe\Renderer\GraphicsContext.h" />
    <ClInclude Include="src\Platform\OpenGL\OpenGLContext.h" />
    <ClInclude Include="src\Lithe\Renderer\Shader.h" />
    <ClInclude Include="src\Lithe\Renderer\Buffer.h" />
    <ClInclude Include="src\Platform\OpenGL\OpenGLBuffer.h" />
    <ClInclude Include="src\Lithe\Renderer\Renderer.h" />
  </ItemGroup>
  <ItemGroup>
    <ClCompile Include="src\Lithe\Application.cpp">
      <Filter>Lithe</Filter>
    </ClCompile>
    <ClCompile Include="src\Lithe\ImGui\ImGuiBuild.cpp">
      <Filter>Lithe\ImGui</Filter>
    </ClCompile>
    <ClCompile Include="src\Lithe\ImGui\ImGuiLayer.cpp">
      <Filter>Lithe\ImGui</Filter>
    </ClCompile>
    <ClCompile Include="src\Lithe\Layer.cpp">
      <Filter>Lithe</Filter>
    </ClCompile>
    <ClCompile Include="src\Lithe\LayerStack.cpp">
      <Filter>Lithe</Filter>
    </ClCompile>
    <ClCompile Include="src\Lithe\Log.cpp">
      <Filter>Lithe</Filter>
    </ClCompile>
    <ClCompile Include="src\Platform\Windows\WindowsInput.cpp">
      <Filter>Platform\Windows</Filter>
    </ClCompile>
    <ClCompile Include="src\Platform\Windows\WindowsWindow.cpp">
      <Filter>Platform\Windows</Filter>
    </ClCompile>
    <ClCompile Include="src\lipch.cpp" />
    <ClCompile Include="src\Platform\OpenGL\OpenGLContext.cpp" />
    <ClCompile Include="src\Lithe\Renderer\Shader.cpp" />
    <ClCompile Include="src\Lithe\Renderer\Buffer.cpp" />
    <ClCompile Include="src\Platform\OpenGL\OpenGLBuffer.cpp" />
    <ClCompile Include="src\Lithe\Renderer\Renderer.cpp" />
  </ItemGroup>
</Project>