<?xml version="1.0" encoding="utf-8"?>
<Project ToolsVersion="4.0" xmlns="http://schemas.microsoft.com/developer/msbuild/2003">
  <ItemGroup>
    <Filter Include="Lithe">
      <UniqueIdentifier>{7BD5990D-E7E9-C1BE-B06B-651E1C3FBEEF}</UniqueIdentifier>
    </Filter>
    <Filter Include="Lithe\Events">
      <UniqueIdentifier>{FF28AFBC-EB8B-3E61-9411-771780530AE4}</UniqueIdentifier>
    </Filter>
  </ItemGroup>
  <ItemGroup>
    <ClInclude Include="src\Lithe.h" />
    <ClInclude Include="src\Lithe\Application.h">
      <Filter>Lithe</Filter>
    </ClInclude>
    <ClInclude Include="src\Lithe\Core.h">
      <Filter>Lithe</Filter>
    </ClInclude>
    <ClInclude Include="src\Lithe\EntryPoint.h">
      <Filter>Lithe</Filter>
    </ClInclude>
    <ClInclude Include="src\Lithe\Events\ApplicationEvent.h">
      <Filter>Lithe\Events</Filter>
    </ClInclude>
    <ClInclude Include="src\Lithe\Events\Event.h">
      <Filter>Lithe\Events</Filter>
    </ClInclude>
    <ClInclude Include="src\Lithe\Events\KeyEvent.h">
      <Filter>Lithe\Events</Filter>
    </ClInclude>
    <ClInclude Include="src\Lithe\Events\MouseEvent.h">
      <Filter>Lithe\Events</Filter>
    </ClInclude>
    <ClInclude Include="src\Lithe\Log.h">
      <Filter>Lithe</Filter>
    </ClInclude>
    <ClInclude Include="src\lipch.h" />
    <ClInclude Include="src\Lithe\Window.h" />
    <ClInclude Include="src\Platform\WindowsWindow.h" />
  </ItemGroup>
  <ItemGroup>
    <ClCompile Include="src\Lithe\Application.cpp">
      <Filter>Lithe</Filter>
    </ClCompile>
    <ClCompile Include="src\Lithe\Log.cpp">
      <Filter>Lithe</Filter>
    </ClCompile>
    <ClCompile Include="src\lipch.cpp" />
    <ClCompile Include="src\Platform\WindowsWindow.cpp" />
  </ItemGroup>
</Project>